<?xml version="1.0" encoding="utf-8"?>
<Project ToolsVersion="4.0" xmlns="http://schemas.microsoft.com/developer/msbuild/2003">
  <ItemGroup>
    <Filter Include="Source File">
      <UniqueIdentifier>{ee791911-2b90-41fb-8150-a88fc102ddf5}</UniqueIdentifier>
      <Extensions>h;cpp;</Extensions>
    </Filter>
    <Filter Include="Source File\GpuResources">
      <UniqueIdentifier>{267e6507-0fea-4957-bac3-9766ccd86e33}</UniqueIdentifier>
    </Filter>
    <Filter Include="Source File\GpuHeaps">
      <UniqueIdentifier>{59c55f4f-429a-49ca-9cc7-c0171c19ace5}</UniqueIdentifier>
    </Filter>
  </ItemGroup>
  <ItemGroup>
    <ClCompile Include="GameCore.cpp">
      <Filter>Source File</Filter>
    </ClCompile>
    <ClCompile Include="WinApp.cpp">
      <Filter>Source File</Filter>
    </ClCompile>
    <ClCompile Include="Display.cpp">
      <Filter>Source File</Filter>
    </ClCompile>
    <ClCompile Include="GraphicsCore.cpp">
      <Filter>Source File</Filter>
    </ClCompile>
    <ClCompile Include="UploadBuffer.cpp">
      <Filter>Source File\GpuResources</Filter>
    </ClCompile>
    <ClCompile Include="Command.cpp">
      <Filter>Source File</Filter>
    </ClCompile>
    <ClCompile Include="ResourceHeap.cpp">
      <Filter>Source File\GpuHeaps</Filter>
    </ClCompile>
    <ClCompile Include="DepthStencilBuffer.cpp">
      <Filter>Source File\GpuResources</Filter>
    </ClCompile>
    <ClCompile Include="pch.cpp">
      <Filter>Source File</Filter>
    </ClCompile>
    <ClCompile Include="FileSearch.cpp">
      <Filter>Source File</Filter>
    </ClCompile>
    <ClCompile Include="Texture.cpp">
      <Filter>Source File\GpuResources</Filter>
    </ClCompile>
    <ClCompile Include="PipelineStateObject.cpp">
      <Filter>Source File</Filter>
    </ClCompile>
    <ClCompile Include="TimeStamp.cpp">
      <Filter>Source File</Filter>
    </ClCompile>
    <ClCompile Include="Timer.cpp">
      <Filter>Source File</Filter>
    </ClCompile>
    <ClCompile Include="DataAverage.cpp">
      <Filter>Source File</Filter>
    </ClCompile>
  </ItemGroup>
  <ItemGroup>
    <ClInclude Include="GameCore.h">
      <Filter>Source File</Filter>
    </ClInclude>
    <ClInclude Include="WinApp.h">
      <Filter>Source File</Filter>
    </ClInclude>
    <ClInclude Include="GraphicsCore.h">
      <Filter>Source File</Filter>
    </ClInclude>
    <ClInclude Include="GpuResource.h">
      <Filter>Source File\GpuResources</Filter>
    </ClInclude>
    <ClInclude Include="UploadBuffer.h">
      <Filter>Source File\GpuResources</Filter>
    </ClInclude>
    <ClInclude Include="TranslationBarrirUtil.h">
      <Filter>Source File</Filter>
    </ClInclude>
    <ClInclude Include="Command.h">
      <Filter>Source File</Filter>
    </ClInclude>
    <ClInclude Include="RenderTargetBuffer.h">
      <Filter>Source File\GpuResources</Filter>
    </ClInclude>
    <ClInclude Include="VertexBuffer.h">
      <Filter>Source File\GpuResources</Filter>
    </ClInclude>
    <ClInclude Include="ResourceHeap.h">
      <Filter>Source File\GpuHeaps</Filter>
    </ClInclude>
    <ClInclude Include="DepthStencilBuffer.h">
      <Filter>Source File\GpuResources</Filter>
    </ClInclude>
    <ClInclude Include="Debug.h">
      <Filter>Source File</Filter>
    </ClInclude>
    <ClInclude Include="Display.h">
      <Filter>Source File</Filter>
    </ClInclude>
    <ClInclude Include="pch.h">
      <Filter>Source File</Filter>
    </ClInclude>
    <ClInclude Include="FileSearch.h">
      <Filter>Source File</Filter>
    </ClInclude>
    <ClInclude Include="Texture.h">
      <Filter>Source File\GpuResources</Filter>
    </ClInclude>
    <ClInclude Include="PipelineStateObject.h">
      <Filter>Source File</Filter>
    </ClInclude>
    <ClInclude Include="InputElement.h">
      <Filter>Source File</Filter>
    </ClInclude>
    <ClInclude Include="TimeStamp.h">
      <Filter>Source File</Filter>
    </ClInclude>
    <ClInclude Include="Timer.h">
      <Filter>Source File</Filter>
    </ClInclude>
    <ClInclude Include="DataAverage.h">
      <Filter>Source File</Filter>
    </ClInclude>
  </ItemGroup>
  <ItemGroup>
    <None Include="packages.config" />
  </ItemGroup>
</Project>